
Microsoft Visual Studio Solution File, Format Version 12.00
# Visual Studio Version 17
VisualStudioVersion = 17.10.35004.147
MinimumVisualStudioVersion = 10.0.40219.1
Project("{FAE04EC0-301F-11D3-BF4B-00C04F79EFBC}") = "Difal", "Difal.csproj", "{38E737C8-E9E9-4B54-B2EF-1C9CD7B18957}"
EndProject
Global
	GlobalSection(SolutionConfigurationPlatforms) = preSolution
		Debug|Any CPU = Debug|Any CPU
		Release|Any CPU = Release|Any CPU
	EndGlobalSection
	GlobalSection(ProjectConfigurationPlatforms) = postSolution
		{38E737C8-E9E9-4B54-B2EF-1C9CD7B18957}.Debug|Any CPU.ActiveCfg = Debug|Any CPU
		{38E737C8-E9E9-4B54-B2EF-1C9CD7B18957}.Debug|Any CPU.Build.0 = Debug|Any CPU
		{38E737C8-E9E9-4B54-B2EF-1C9CD7B18957}.Release|Any CPU.ActiveCfg = Release|Any CPU
		{38E737C8-E9E9-4B54-B2EF-1C9CD7B18957}.Release|Any CPU.Build.0 = Release|Any CPU
	EndGlobalSection
	GlobalSection(SolutionProperties) = preSolution
		HideSolutionNode = FALSE
	EndGlobalSection
	GlobalSection(ExtensibilityGlobals) = postSolution
		SolutionGuid = {1B46E0E1-072F-42AB-B591-74ACD0FB61B2}
	EndGlobalSection
EndGlobal
